{
  "name": "task_agent",
  "version": "0.0.4",
  "dependencies": {
    "JSV": {
      "version": "3.5.0"
    },
    "amqp": {
      "version": "0.1.3",
      "from": "git://github.com/postwait/node-amqp.git#7becb031a3517a22490addc46654e807bce5f37e"
    },
    "amqp-plus": {
      "version": "1.0.0",
      "from": "git://github.com/orlandov/node-amqp-plus.git#a67f9547c116bf991b974ce5b9cd090c8b222fdb"
    },
    "yaml": {
      "version": "0.2.3"
    }
  }
}
